// !$*UTF8*$!
{
	archiveVersion = 1;
	classes = {
	};
	objectVersion = 46;
	objects = {

/* Begin PBXBuildFile section */
		1850C4D31AFCB01E00E190C0 /* webViewController.swift in Sources */ = {isa = PBXBuildFile; fileRef = 1850C4D21AFCB01E00E190C0 /* webViewController.swift */; };
		185340E81AFB1C360092A420 /* DetailViewController.swift in Sources */ = {isa = PBXBuildFile; fileRef = 185340E71AFB1C360092A420 /* DetailViewController.swift */; };
		18A6BC7D1AF9F48000DEBD40 /* AppDelegate.swift in Sources */ = {isa = PBXBuildFile; fileRef = 18A6BC7C1AF9F48000DEBD40 /* AppDelegate.swift */; };
		18A6BC7F1AF9F48000DEBD40 /* ViewController.swift in Sources */ = {isa = PBXBuildFile; fileRef = 18A6BC7E1AF9F48000DEBD40 /* ViewController.swift */; };
		18A6BC821AF9F48000DEBD40 /* Main.storyboard in Resources */ = {isa = PBXBuildFile; fileRef = 18A6BC801AF9F48000DEBD40 /* Main.storyboard */; };
		18A6BC841AF9F48000DEBD40 /* Images.xcassets in Resources */ = {isa = PBXBuildFile; fileRef = 18A6BC831AF9F48000DEBD40 /* Images.xcassets */; };
		18A6BC871AF9F48000DEBD40 /* LaunchScreen.xib in Resources */ = {isa = PBXBuildFile; fileRef = 18A6BC851AF9F48000DEBD40 /* LaunchScreen.xib */; };
		18A6BC931AF9F48000DEBD40 /* TodoTests.swift in Sources */ = {isa = PBXBuildFile; fileRef = 18A6BC921AF9F48000DEBD40 /* TodoTests.swift */; };
		18A6BC9D1AF9F74B00DEBD40 /* TodoModel.swift in Sources */ = {isa = PBXBuildFile; fileRef = 18A6BC9C1AF9F74B00DEBD40 /* TodoModel.swift */; };
		18B955771B132843004CEABA /* firstTableViewCell.swift in Sources */ = {isa = PBXBuildFile; fileRef = 18B955751B132843004CEABA /* firstTableViewCell.swift */; };
		18B955781B132843004CEABA /* firstTableViewCell.xib in Resources */ = {isa = PBXBuildFile; fileRef = 18B955761B132843004CEABA /* firstTableViewCell.xib */; };
/* End PBXBuildFile section */

/* Begin PBXContainerItemProxy section */
		18A6BC8D1AF9F48000DEBD40 /* PBXContainerItemProxy */ = {
			isa = PBXContainerItemProxy;
			containerPortal = 18A6BC6F1AF9F48000DEBD40 /* Project object */;
			proxyType = 1;
			remoteGlobalIDString = 18A6BC761AF9F48000DEBD40;
			remoteInfo = Todo;
		};
/* End PBXContainerItemProxy section */

/* Begin PBXFileReference section */
		1850C4D21AFCB01E00E190C0 /* webViewController.swift */ = {isa = PBXFileReference; fileEncoding = 4; lastKnownFileType = sourcecode.swift; path = webViewController.swift; sourceTree = "<group>"; };
		185340E71AFB1C360092A420 /* DetailViewController.swift */ = {isa = PBXFileReference; fileEncoding = 4; lastKnownFileType = sourcecode.swift; path = DetailViewController.swift; sourceTree = "<group>"; };
		18A6BC771AF9F48000DEBD40 /* Todo.app */ = {isa = PBXFileReference; explicitFileType = wrapper.application; includeInIndex = 0; path = Todo.app; sourceTree = BUILT_PRODUCTS_DIR; };
		18A6BC7B1AF9F48000DEBD40 /* Info.plist */ = {isa = PBXFileReference; lastKnownFileType = text.plist.xml; path = Info.plist; sourceTree = "<group>"; };
		18A6BC7C1AF9F48000DEBD40 /* AppDelegate.swift */ = {isa = PBXFileReference; lastKnownFileType = sourcecode.swift; path = AppDelegate.swift; sourceTree = "<group>"; };
		18A6BC7E1AF9F48000DEBD40 /* ViewController.swift */ = {isa = PBXFileReference; lastKnownFileType = sourcecode.swift; path = ViewController.swift; sourceTree = "<group>"; };
		18A6BC811AF9F48000DEBD40 /* Base */ = {isa = PBXFileReference; lastKnownFileType = file.storyboard; name = Base; path = Base.lproj/Main.storyboard; sourceTree = "<group>"; };
		18A6BC831AF9F48000DEBD40 /* Images.xcassets */ = {isa = PBXFileReference; lastKnownFileType = folder.assetcatalog; path = Images.xcassets; sourceTree = "<group>"; };
		18A6BC861AF9F48000DEBD40 /* Base */ = {isa = PBXFileReference; lastKnownFileType = file.xib; name = Base; path = Base.lproj/LaunchScreen.xib; sourceTree = "<group>"; };
		18A6BC8C1AF9F48000DEBD40 /* TodoTests.xctest */ = {isa = PBXFileReference; explicitFileType = wrapper.cfbundle; includeInIndex = 0; path = TodoTests.xctest; sourceTree = BUILT_PRODUCTS_DIR; };
		18A6BC911AF9F48000DEBD40 /* Info.plist */ = {isa = PBXFileReference; lastKnownFileType = text.plist.xml; path = Info.plist; sourceTree = "<group>"; };
		18A6BC921AF9F48000DEBD40 /* TodoTests.swift */ = {isa = PBXFileReference; lastKnownFileType = sourcecode.swift; path = TodoTests.swift; sourceTree = "<group>"; };
		18A6BC9C1AF9F74B00DEBD40 /* TodoModel.swift */ = {isa = PBXFileReference; fileEncoding = 4; lastKnownFileType = sourcecode.swift; path = TodoModel.swift; sourceTree = "<group>"; };
		18B955751B132843004CEABA /* firstTableViewCell.swift */ = {isa = PBXFileReference; fileEncoding = 4; lastKnownFileType = sourcecode.swift; path = firstTableViewCell.swift; sourceTree = "<group>"; };
		18B955761B132843004CEABA /* firstTableViewCell.xib */ = {isa = PBXFileReference; fileEncoding = 4; lastKnownFileType = file.xib; path = firstTableViewCell.xib; sourceTree = "<group>"; };
/* End PBXFileReference section */

/* Begin PBXFrameworksBuildPhase section */
		18A6BC741AF9F48000DEBD40 /* Frameworks */ = {
			isa = PBXFrameworksBuildPhase;
			buildActionMask = 2147483647;
			files = (
			);
			runOnlyForDeploymentPostprocessing = 0;
		};
		18A6BC891AF9F48000DEBD40 /* Frameworks */ = {
			isa = PBXFrameworksBuildPhase;
			buildActionMask = 2147483647;
			files = (
			);
			runOnlyForDeploymentPostprocessing = 0;
		};
/* End PBXFrameworksBuildPhase section */

/* Begin PBXGroup section */
		18A6BC6E1AF9F48000DEBD40 = {
			isa = PBXGroup;
			children = (
				18A6BC791AF9F48000DEBD40 /* Todo */,
				18A6BC8F1AF9F48000DEBD40 /* TodoTests */,
				18A6BC781AF9F48000DEBD40 /* Products */,
			);
			sourceTree = "<group>";
		};
		18A6BC781AF9F48000DEBD40 /* Products */ = {
			isa = PBXGroup;
			children = (
				18A6BC771AF9F48000DEBD40 /* Todo.app */,
				18A6BC8C1AF9F48000DEBD40 /* TodoTests.xctest */,
			);
			name = Products;
			sourceTree = "<group>";
		};
		18A6BC791AF9F48000DEBD40 /* Todo */ = {
			isa = PBXGroup;
			children = (
				18A6BC801AF9F48000DEBD40 /* Main.storyboard */,
				18A6BC7C1AF9F48000DEBD40 /* AppDelegate.swift */,
				18A6BC9C1AF9F74B00DEBD40 /* TodoModel.swift */,
				1850C4D21AFCB01E00E190C0 /* webViewController.swift */,
				18B955751B132843004CEABA /* firstTableViewCell.swift */,
				18B955761B132843004CEABA /* firstTableViewCell.xib */,
				18A6BC7E1AF9F48000DEBD40 /* ViewController.swift */,
				18A6BC831AF9F48000DEBD40 /* Images.xcassets */,
				18A6BC851AF9F48000DEBD40 /* LaunchScreen.xib */,
				18A6BC7A1AF9F48000DEBD40 /* Supporting Files */,
				185340E71AFB1C360092A420 /* DetailViewController.swift */,
			);
			path = Todo;
			sourceTree = "<group>";
		};
		18A6BC7A1AF9F48000DEBD40 /* Supporting Files */ = {
			isa = PBXGroup;
			children = (
				18A6BC7B1AF9F48000DEBD40 /* Info.plist */,
			);
			name = "Supporting Files";
			sourceTree = "<group>";
		};
		18A6BC8F1AF9F48000DEBD40 /* TodoTests */ = {
			isa = PBXGroup;
			children = (
				18A6BC921AF9F48000DEBD40 /* TodoTests.swift */,
				18A6BC901AF9F48000DEBD40 /* Supporting Files */,
			);
			path = TodoTests;
			sourceTree = "<group>";
		};
		18A6BC901AF9F48000DEBD40 /* Supporting Files */ = {
			isa = PBXGroup;
			children = (
				18A6BC911AF9F48000DEBD40 /* Info.plist */,
			);
			name = "Supporting Files";
			sourceTree = "<group>";
		};
/* End PBXGroup section */

/* Begin PBXNativeTarget section */
		18A6BC761AF9F48000DEBD40 /* Todo */ = {
			isa = PBXNativeTarget;
			buildConfigurationList = 18A6BC961AF9F48000DEBD40 /* Build configuration list for PBXNativeTarget "Todo" */;
			buildPhases = (
				18A6BC731AF9F48000DEBD40 /* Sources */,
				18A6BC741AF9F48000DEBD40 /* Frameworks */,
				18A6BC751AF9F48000DEBD40 /* Resources */,
			);
			buildRules = (
			);
			dependencies = (
			);
			name = Todo;
			productName = Todo;
			productReference = 18A6BC771AF9F48000DEBD40 /* Todo.app */;
			productType = "com.apple.product-type.application";
		};
		18A6BC8B1AF9F48000DEBD40 /* TodoTests */ = {
			isa = PBXNativeTarget;
			buildConfigurationList = 18A6BC991AF9F48000DEBD40 /* Build configuration list for PBXNativeTarget "TodoTests" */;
			buildPhases = (
				18A6BC881AF9F48000DEBD40 /* Sources */,
				18A6BC891AF9F48000DEBD40 /* Frameworks */,
				18A6BC8A1AF9F48000DEBD40 /* Resources */,
			);
			buildRules = (
			);
			dependencies = (
				18A6BC8E1AF9F48000DEBD40 /* PBXTargetDependency */,
			);
			name = TodoTests;
			productName = TodoTests;
			productReference = 18A6BC8C1AF9F48000DEBD40 /* TodoTests.xctest */;
			productType = "com.apple.product-type.bundle.unit-test";
		};
/* End PBXNativeTarget section */

/* Begin PBXProject section */
		18A6BC6F1AF9F48000DEBD40 /* Project object */ = {
			isa = PBXProject;
			attributes = {
				LastUpgradeCheck = 0630;
				ORGANIZATIONNAME = zz;
				TargetAttributes = {
					18A6BC761AF9F48000DEBD40 = {
						CreatedOnToolsVersion = 6.3.1;
					};
					18A6BC8B1AF9F48000DEBD40 = {
						CreatedOnToolsVersion = 6.3.1;
						TestTargetID = 18A6BC761AF9F48000DEBD40;
					};
				};
			};
			buildConfigurationList = 18A6BC721AF9F48000DEBD40 /* Build configuration list for PBXProject "Todo" */;
			compatibilityVersion = "Xcode 3.2";
			developmentRegion = English;
			hasScannedForEncodings = 0;
			knownRegions = (
				en,
				Base,
			);
			mainGroup = 18A6BC6E1AF9F48000DEBD40;
			productRefGroup = 18A6BC781AF9F48000DEBD40 /* Products */;
			projectDirPath = "";
			projectRoot = "";
			targets = (
				18A6BC761AF9F48000DEBD40 /* Todo */,
				18A6BC8B1AF9F48000DEBD40 /* TodoTests */,
			);
		};
/* End PBXProject section */

/* Begin PBXResourcesBuildPhase section */
		18A6BC751AF9F48000DEBD40 /* Resources */ = {
			isa = PBXResourcesBuildPhase;
			buildActionMask = 2147483647;
			files = (
				18A6BC821AF9F48000DEBD40 /* Main.storyboard in Resources */,
				18A6BC871AF9F48000DEBD40 /* LaunchScreen.xib in Resources */,
				18B955781B132843004CEABA /* firstTableViewCell.xib in Resources */,
				18A6BC841AF9F48000DEBD40 /* Images.xcassets in Resources */,
			);
			runOnlyForDeploymentPostprocessing = 0;
		};
		18A6BC8A1AF9F48000DEBD40 /* Resources */ = {
			isa = PBXResourcesBuildPhase;
			buildActionMask = 2147483647;
			files = (
			);
			runOnlyForDeploymentPostprocessing = 0;
		};
/* End PBXResourcesBuildPhase section */

/* Begin PBXSourcesBuildPhase section */
		18A6BC731AF9F48000DEBD40 /* Sources */ = {
			isa = PBXSourcesBuildPhase;
			buildActionMask = 2147483647;
			files = (
				1850C4D31AFCB01E00E190C0 /* webViewController.swift in Sources */,
				18A6BC9D1AF9F74B00DEBD40 /* TodoModel.swift in Sources */,
				18B955771B132843004CEABA /* firstTableViewCell.swift in Sources */,
				18A6BC7F1AF9F48000DEBD40 /* ViewController.swift in Sources */,
				18A6BC7D1AF9F48000DEBD40 /* AppDelegate.swift in Sources */,
				185340E81AFB1C360092A420 /* DetailViewController.swift in Sources */,
			);
			runOnlyForDeploymentPostprocessing = 0;
		};
		18A6BC881AF9F48000DEBD40 /* Sources */ = {
			isa = PBXSourcesBuildPhase;
			buildActionMask = 2147483647;
			files = (
				18A6BC931AF9F48000DEBD40 /* TodoTests.swift in Sources */,
			);
			runOnlyForDeploymentPostprocessing = 0;
		};
/* End PBXSourcesBuildPhase section */

/* Begin PBXTargetDependency section */
		18A6BC8E1AF9F48000DEBD40 /* PBXTargetDependency */ = {
			isa = PBXTargetDependency;
			target = 18A6BC761AF9F48000DEBD40 /* Todo */;
			targetProxy = 18A6BC8D1AF9F48000DEBD40 /* PBXContainerItemProxy */;
		};
/* End PBXTargetDependency section */

/* Begin PBXVariantGroup section */
		18A6BC801AF9F48000DEBD40 /* Main.storyboard */ = {
			isa = PBXVariantGroup;
			children = (
				18A6BC811AF9F48000DEBD40 /* Base */,
			);
			name = Main.storyboard;
			sourceTree = "<group>";
		};
		18A6BC851AF9F48000DEBD40 /* LaunchScreen.xib */ = {
			isa = PBXVariantGroup;
			children = (
				18A6BC861AF9F48000DEBD40 /* Base */,
			);
			name = LaunchScreen.xib;
			sourceTree = "<group>";
		};
/* End PBXVariantGroup section */

/* Begin XCBuildConfiguration section */
		18A6BC941AF9F48000DEBD40 /* Debug */ = {
			isa = XCBuildConfiguration;
			buildSettings = {
				ALWAYS_SEARCH_USER_PATHS = NO;
				CLANG_CXX_LANGUAGE_STANDARD = "gnu++0x";
				CLANG_CXX_LIBRARY = "libc++";
				CLANG_ENABLE_MODULES = YES;
				CLANG_ENABLE_OBJC_ARC = YES;
				CLANG_WARN_BOOL_CONVERSION = YES;
				CLANG_WARN_CONSTANT_CONVERSION = YES;
				CLANG_WARN_DIRECT_OBJC_ISA_USAGE = YES_ERROR;
				CLANG_WARN_EMPTY_BODY = YES;
				CLANG_WARN_ENUM_CONVERSION = YES;
				CLANG_WARN_INT_CONVERSION = YES;
				CLANG_WARN_OBJC_ROOT_CLASS = YES_ERROR;
				CLANG_WARN_UNREACHABLE_CODE = YES;
				CLANG_WARN__DUPLICATE_METHOD_MATCH = YES;
				"CODE_SIGN_IDENTITY[sdk=iphoneos*]" = "iPhone Developer";
				COPY_PHASE_STRIP = NO;
				DEBUG_INFORMATION_FORMAT = "dwarf-with-dsym";
				ENABLE_STRICT_OBJC_MSGSEND = YES;
				GCC_C_LANGUAGE_STANDARD = gnu99;
				GCC_DYNAMIC_NO_PIC = NO;
				GCC_NO_COMMON_BLOCKS = YES;
				GCC_OPTIMIZATION_LEVEL = 0;
				GCC_PREPROCESSOR_DEFINITIONS = (
					"DEBUG=1",
					"$(inherited)",
				);
				GCC_SYMBOLS_PRIVATE_EXTERN = NO;
				GCC_WARN_64_TO_32_BIT_CONVERSION = YES;
				GCC_WARN_ABOUT_RETURN_TYPE = YES_ERROR;
				GCC_WARN_UNDECLARED_SELECTOR = YES;
				GCC_WARN_UNINITIALIZED_AUTOS = YES_AGGRESSIVE;
				GCC_WARN_UNUSED_FUNCTION = YES;
				GCC_WARN_UNUSED_VARIABLE = YES;
				IPHONEOS_DEPLOYMENT_TARGET = 8.3;
				MTL_ENABLE_DEBUG_INFO = YES;
				ONLY_ACTIVE_ARCH = YES;
				SDKROOT = iphoneos;
				SWIFT_OPTIMIZATION_LEVEL = "-Onone";
			};
			name = Debug;
		};
		18A6BC951AF9F48000DEBD40 /* Release */ = {
			isa = XCBuildConfiguration;
			buildSettings = {
				ALWAYS_SEARCH_USER_PATHS = NO;
				CLANG_CXX_LANGUAGE_STANDARD = "gnu++0x";
				CLANG_CXX_LIBRARY = "libc++";
				CLANG_ENABLE_MODULES = YES;
				CLANG_ENABLE_OBJC_ARC = YES;
				CLANG_WARN_BOOL_CONVERSION = YES;
				CLANG_WARN_CONSTANT_CONVERSION = YES;
				CLANG_WARN_DIRECT_OBJC_ISA_USAGE = YES_ERROR;
				CLANG_WARN_EMPTY_BODY = YES;
				CLANG_WARN_ENUM_CONVERSION = YES;
				CLANG_WARN_INT_CONVERSION = YES;
				CLANG_WARN_OBJC_ROOT_CLASS = YES_ERROR;
				CLANG_WARN_UNREACHABLE_CODE = YES;
				CLANG_WARN__DUPLICATE_METHOD_MATCH = YES;
				"CODE_SIGN_IDENTITY[sdk=iphoneos*]" = "iPhone Developer";
				COPY_PHASE_STRIP = NO;
				DEBUG_INFORMATION_FORMAT = "dwarf-with-dsym";
				ENABLE_NS_ASSERTIONS = NO;
				ENABLE_STRICT_OBJC_MSGSEND = YES;
				GCC_C_LANGUAGE_STANDARD = gnu99;
				GCC_NO_COMMON_BLOCKS = YES;
				GCC_WARN_64_TO_32_BIT_CONVERSION = YES;
				GCC_WARN_ABOUT_RETURN_TYPE = YES_ERROR;
				GCC_WARN_UNDECLARED_SELECTOR = YES;
				GCC_WARN_UNINITIALIZED_AUTOS = YES_AGGRESSIVE;
				GCC_WARN_UNUSED_FUNCTION = YES;
				GCC_WARN_UNUSED_VARIABLE = YES;
				IPHONEOS_DEPLOYMENT_TARGET = 8.3;
				MTL_ENABLE_DEBUG_INFO = NO;
				SDKROOT = iphoneos;
				VALIDATE_PRODUCT = YES;
			};
			name = Release;
		};
		18A6BC971AF9F48000DEBD40 /* Debug */ = {
			isa = XCBuildConfiguration;
			buildSettings = {
				ASSETCATALOG_COMPILER_APPICON_NAME = AppIcon;
				INFOPLIST_FILE = Todo/Info.plist;
				LD_RUNPATH_SEARCH_PATHS = "$(inherited) @executable_path/Frameworks";
				PRODUCT_NAME = "$(TARGET_NAME)";
			};
			name = Debug;
		};
		18A6BC981AF9F48000DEBD40 /* Release */ = {
			isa = XCBuildConfiguration;
			buildSettings = {
				ASSETCATALOG_COMPILER_APPICON_NAME = AppIcon;
				INFOPLIST_FILE = Todo/Info.plist;
				LD_RUNPATH_SEARCH_PATHS = "$(inherited) @executable_path/Frameworks";
				PRODUCT_NAME = "$(TARGET_NAME)";
			};
			name = Release;
		};
		18A6BC9A1AF9F48000DEBD40 /* Debug */ = {
			isa = XCBuildConfiguration;
			buildSettings = {
				BUNDLE_LOADER = "$(TEST_HOST)";
				FRAMEWORK_SEARCH_PATHS = (
					"$(SDKROOT)/Developer/Library/Frameworks",
					"$(inherited)",
				);
				GCC_PREPROCESSOR_DEFINITIONS = (
					"DEBUG=1",
					"$(inherited)",
				);
				INFOPLIST_FILE = TodoTests/Info.plist;
				LD_RUNPATH_SEARCH_PATHS = "$(inherited) @executable_path/Frameworks @loader_path/Frameworks";
				PRODUCT_NAME = "$(TARGET_NAME)";
				TEST_HOST = "$(BUILT_PRODUCTS_DIR)/Todo.app/Todo";
			};
			name = Debug;
		};
		18A6BC9B1AF9F48000DEBD40 /* Release */ = {
			isa = XCBuildConfiguration;
			buildSettings = {
				BUNDLE_LOADER = "$(TEST_HOST)";
				FRAMEWORK_SEARCH_PATHS = (
					"$(SDKROOT)/Developer/Library/Frameworks",
					"$(inherited)",
				);
				INFOPLIST_FILE = TodoTests/Info.plist;
				LD_RUNPATH_SEARCH_PATHS = "$(inherited) @executable_path/Frameworks @loader_path/Frameworks";
				PRODUCT_NAME = "$(TARGET_NAME)";
				TEST_HOST = "$(BUILT_PRODUCTS_DIR)/Todo.app/Todo";
			};
			name = Release;
		};
/* End XCBuildConfiguration section */

/* Begin XCConfigurationList section */
		18A6BC721AF9F48000DEBD40 /* Build configuration list for PBXProject "Todo" */ = {
			isa = XCConfigurationList;
			buildConfigurations = (
				18A6BC941AF9F48000DEBD40 /* Debug */,
				18A6BC951AF9F48000DEBD40 /* Release */,
			);
			defaultConfigurationIsVisible = 0;
			defaultConfigurationName = Release;
		};
		18A6BC961AF9F48000DEBD40 /* Build configuration list for PBXNativeTarget "Todo" */ = {
			isa = XCConfigurationList;
			buildConfigurations = (
				18A6BC971AF9F48000DEBD40 /* Debug */,
				18A6BC981AF9F48000DEBD40 /* Release */,
			);
			defaultConfigurationIsVisible = 0;
			defaultConfigurationName = Release;
		};
		18A6BC991AF9F48000DEBD40 /* Build configuration list for PBXNativeTarget "TodoTests" */ = {
			isa = XCConfigurationList;
			buildConfigurations = (
				18A6BC9A1AF9F48000DEBD40 /* Debug */,
				18A6BC9B1AF9F48000DEBD40 /* Release */,
			);
			defaultConfigurationIsVisible = 0;
			defaultConfigurationName = Release;
		};
/* End XCConfigurationList section */
	};
	rootObject = 18A6BC6F1AF9F48000DEBD40 /* Project object */;
}
